{
  "name": "rescope",
  "version": "0.1.0",
  "lockfileVersion": 3,
  "requires": true,
  "packages": {
    "": {
      "name": "rescope",
      "version": "0.1.0",
      "license": "MIT",
      "bin": {
        "rescope": "bin/rescope.js"
      },
      "optionalDependencies": {
        "@rescope/rescope-darwin-arm64": "0.1.0",
        "@rescope/rescope-darwin-x64": "0.1.0",
        "@rescope/rescope-linux-arm64": "0.1.0",
        "@rescope/rescope-linux-x64": "0.1.0",
        "@rescope/rescope-win32-x64": "0.1.0"
      },
      "engines": {
        "node": ">=14.14"
      }
    }
  }
}
